
Microsoft Visual Studio Solution File, Format Version 11.00
# Visual Studio 2010
Project("{FAE04EC0-301F-11D3-BF4B-00C04F79EFBC}") = "Mogade Xna Demo", "Mogade Xna Demo\Mogade Xna Demo\Mogade Xna Demo.csproj", "{027B4CD7-A1C2-4485-A646-DDB99CF2D8DC}"
EndProject
Project("{96E2B04D-8817-42C6-938A-82C39BA4D311}") = "Mogade Xna DemoContent", "Mogade Xna Demo\Mogade Xna DemoContent\Mogade Xna DemoContent.contentproj", "{78C50E88-BBFB-499C-BB5B-174BF2127CB3}"
EndProject
Global
	GlobalSection(SolutionConfigurationPlatforms) = preSolution
		Debug|Windows Phone = Debug|Windows Phone
		Release|Windows Phone = Release|Windows Phone
	EndGlobalSection
	GlobalSection(ProjectConfigurationPlatforms) = postSolution
		{027B4CD7-A1C2-4485-A646-DDB99CF2D8DC}.Debug|Windows Phone.ActiveCfg = Debug|Windows Phone
		{027B4CD7-A1C2-4485-A646-DDB99CF2D8DC}.Debug|Windows Phone.Build.0 = Debug|Windows Phone
		{027B4CD7-A1C2-4485-A646-DDB99CF2D8DC}.Debug|Windows Phone.Deploy.0 = Debug|Windows Phone
		{027B4CD7-A1C2-4485-A646-DDB99CF2D8DC}.Release|Windows Phone.ActiveCfg = Release|Windows Phone
		{027B4CD7-A1C2-4485-A646-DDB99CF2D8DC}.Release|Windows Phone.Build.0 = Release|Windows Phone
		{027B4CD7-A1C2-4485-A646-DDB99CF2D8DC}.Release|Windows Phone.Deploy.0 = Release|Windows Phone
		{78C50E88-BBFB-499C-BB5B-174BF2127CB3}.Debug|Windows Phone.ActiveCfg = Debug|Windows Phone
		{78C50E88-BBFB-499C-BB5B-174BF2127CB3}.Release|Windows Phone.ActiveCfg = Release|Windows Phone
	EndGlobalSection
	GlobalSection(SolutionProperties) = preSolution
		HideSolutionNode = FALSE
	EndGlobalSection
EndGlobal
